
Microsoft Visual Studio Solution File, Format Version 12.00
# Visual Studio Version 17
VisualStudioVersion = 17.0.31903.59
MinimumVisualStudioVersion = 10.0.40219.1
Project("{2150E333-8FDC-42A3-9474-1A3956D46DE8}") = "src", "src", "{827E0CD3-B72D-47B6-A68D-7590B98EB39B}"
EndProject
Project("{FAE04EC0-301F-11D3-BF4B-00C04F79EFBC}") = "MultiCat.Contracts", "src\MultiCat.Contracts\MultiCat.Contracts.csproj", "{3BDA415D-DFBD-4E0D-9EAC-5CE4F46D23B7}"
EndProject
Project("{FAE04EC0-301F-11D3-BF4B-00C04F79EFBC}") = "MultiCat.Core", "src\MultiCat.Core\MultiCat.Core.csproj", "{644AA11E-011C-4810-97AF-2A622C0047D3}"
EndProject
Project("{FAE04EC0-301F-11D3-BF4B-00C04F79EFBC}") = "MultiCat.Gui", "src\MultiCat.Gui\MultiCat.Gui.csproj", "{C275F2A2-F559-48D0-8D11-3316B60C3800}"
EndProject
Project("{FAE04EC0-301F-11D3-BF4B-00C04F79EFBC}") = "MultiCat.Hamlib", "src\MultiCat.Hamlib\MultiCat.Hamlib.csproj", "{FAC984C0-DF2E-4396-BED6-967C287F8EB3}"
EndProject
Project("{FAE04EC0-301F-11D3-BF4B-00C04F79EFBC}") = "MultiCat.Service", "src\MultiCat.Service\MultiCat.Service.csproj", "{7AE725E5-CF25-454C-BC4C-8EFFFDC37931}"
EndProject
Project("{2150E333-8FDC-42A3-9474-1A3956D46DE8}") = "tests", "tests", "{0AB3BF05-4346-4AA6-1389-037BE0695223}"
EndProject
Project("{FAE04EC0-301F-11D3-BF4B-00C04F79EFBC}") = "MultiCat.Core.Tests", "tests\MultiCat.Core.Tests\MultiCat.Core.Tests.csproj", "{60D41AD5-D9D7-4C3B-9B63-2C30D22DE962}"
EndProject
Project("{FAE04EC0-301F-11D3-BF4B-00C04F79EFBC}") = "MultiCat.Service.Tests", "tests\MultiCat.Service.Tests\MultiCat.Service.Tests.csproj", "{B40F6315-CEA6-43E3-8BF0-583592A7D305}"
EndProject
Project("{2150E333-8FDC-42A3-9474-1A3956D46DE8}") = "tools", "tools", "{07C2787E-EAC7-C090-1BA3-A61EC2A24D84}"
EndProject
Project("{FAE04EC0-301F-11D3-BF4B-00C04F79EFBC}") = "HamlibHarvest", "tools\HamlibHarvest\HamlibHarvest.csproj", "{035ADF02-433F-4E3E-BC14-F73A686049C0}"
EndProject
Global
	GlobalSection(SolutionConfigurationPlatforms) = preSolution
		Debug|Any CPU = Debug|Any CPU
		Debug|x64 = Debug|x64
		Debug|x86 = Debug|x86
		Release|Any CPU = Release|Any CPU
		Release|x64 = Release|x64
		Release|x86 = Release|x86
	EndGlobalSection
	GlobalSection(ProjectConfigurationPlatforms) = postSolution
		{3BDA415D-DFBD-4E0D-9EAC-5CE4F46D23B7}.Debug|Any CPU.ActiveCfg = Debug|Any CPU
		{3BDA415D-DFBD-4E0D-9EAC-5CE4F46D23B7}.Debug|Any CPU.Build.0 = Debug|Any CPU
		{3BDA415D-DFBD-4E0D-9EAC-5CE4F46D23B7}.Debug|x64.ActiveCfg = Debug|Any CPU
		{3BDA415D-DFBD-4E0D-9EAC-5CE4F46D23B7}.Debug|x64.Build.0 = Debug|Any CPU
		{3BDA415D-DFBD-4E0D-9EAC-5CE4F46D23B7}.Debug|x86.ActiveCfg = Debug|Any CPU
		{3BDA415D-DFBD-4E0D-9EAC-5CE4F46D23B7}.Debug|x86.Build.0 = Debug|Any CPU
		{3BDA415D-DFBD-4E0D-9EAC-5CE4F46D23B7}.Release|Any CPU.ActiveCfg = Release|Any CPU
		{3BDA415D-DFBD-4E0D-9EAC-5CE4F46D23B7}.Release|Any CPU.Build.0 = Release|Any CPU
		{3BDA415D-DFBD-4E0D-9EAC-5CE4F46D23B7}.Release|x64.ActiveCfg = Release|Any CPU
		{3BDA415D-DFBD-4E0D-9EAC-5CE4F46D23B7}.Release|x64.Build.0 = Release|Any CPU
		{3BDA415D-DFBD-4E0D-9EAC-5CE4F46D23B7}.Release|x86.ActiveCfg = Release|Any CPU
		{3BDA415D-DFBD-4E0D-9EAC-5CE4F46D23B7}.Release|x86.Build.0 = Release|Any CPU
		{644AA11E-011C-4810-97AF-2A622C0047D3}.Debug|Any CPU.ActiveCfg = Debug|Any CPU
		{644AA11E-011C-4810-97AF-2A622C0047D3}.Debug|Any CPU.Build.0 = Debug|Any CPU
		{644AA11E-011C-4810-97AF-2A622C0047D3}.Debug|x64.ActiveCfg = Debug|Any CPU
		{644AA11E-011C-4810-97AF-2A622C0047D3}.Debug|x64.Build.0 = Debug|Any CPU
		{644AA11E-011C-4810-97AF-2A622C0047D3}.Debug|x86.ActiveCfg = Debug|Any CPU
		{644AA11E-011C-4810-97AF-2A622C0047D3}.Debug|x86.Build.0 = Debug|Any CPU
		{644AA11E-011C-4810-97AF-2A622C0047D3}.Release|Any CPU.ActiveCfg = Release|Any CPU
		{644AA11E-011C-4810-97AF-2A622C0047D3}.Release|Any CPU.Build.0 = Release|Any CPU
		{644AA11E-011C-4810-97AF-2A622C0047D3}.Release|x64.ActiveCfg = Release|Any CPU
		{644AA11E-011C-4810-97AF-2A622C0047D3}.Release|x64.Build.0 = Release|Any CPU
		{644AA11E-011C-4810-97AF-2A622C0047D3}.Release|x86.ActiveCfg = Release|Any CPU
		{644AA11E-011C-4810-97AF-2A622C0047D3}.Release|x86.Build.0 = Release|Any CPU
		{C275F2A2-F559-48D0-8D11-3316B60C3800}.Debug|Any CPU.ActiveCfg = Debug|Any CPU
		{C275F2A2-F559-48D0-8D11-3316B60C3800}.Debug|Any CPU.Build.0 = Debug|Any CPU
		{C275F2A2-F559-48D0-8D11-3316B60C3800}.Debug|x64.ActiveCfg = Debug|Any CPU
		{C275F2A2-F559-48D0-8D11-3316B60C3800}.Debug|x64.Build.0 = Debug|Any CPU
		{C275F2A2-F559-48D0-8D11-3316B60C3800}.Debug|x86.ActiveCfg = Debug|Any CPU
		{C275F2A2-F559-48D0-8D11-3316B60C3800}.Debug|x86.Build.0 = Debug|Any CPU
		{C275F2A2-F559-48D0-8D11-3316B60C3800}.Release|Any CPU.ActiveCfg = Release|Any CPU
		{C275F2A2-F559-48D0-8D11-3316B60C3800}.Release|Any CPU.Build.0 = Release|Any CPU
		{C275F2A2-F559-48D0-8D11-3316B60C3800}.Release|x64.ActiveCfg = Release|Any CPU
		{C275F2A2-F559-48D0-8D11-3316B60C3800}.Release|x64.Build.0 = Release|Any CPU
		{C275F2A2-F559-48D0-8D11-3316B60C3800}.Release|x86.ActiveCfg = Release|Any CPU
		{C275F2A2-F559-48D0-8D11-3316B60C3800}.Release|x86.Build.0 = Release|Any CPU
		{FAC984C0-DF2E-4396-BED6-967C287F8EB3}.Debug|Any CPU.ActiveCfg = Debug|Any CPU
		{FAC984C0-DF2E-4396-BED6-967C287F8EB3}.Debug|Any CPU.Build.0 = Debug|Any CPU
		{FAC984C0-DF2E-4396-BED6-967C287F8EB3}.Debug|x64.ActiveCfg = Debug|Any CPU
		{FAC984C0-DF2E-4396-BED6-967C287F8EB3}.Debug|x64.Build.0 = Debug|Any CPU
		{FAC984C0-DF2E-4396-BED6-967C287F8EB3}.Debug|x86.ActiveCfg = Debug|Any CPU
		{FAC984C0-DF2E-4396-BED6-967C287F8EB3}.Debug|x86.Build.0 = Debug|Any CPU
		{FAC984C0-DF2E-4396-BED6-967C287F8EB3}.Release|Any CPU.ActiveCfg = Release|Any CPU
		{FAC984C0-DF2E-4396-BED6-967C287F8EB3}.Release|Any CPU.Build.0 = Release|Any CPU
		{FAC984C0-DF2E-4396-BED6-967C287F8EB3}.Release|x64.ActiveCfg = Release|Any CPU
		{FAC984C0-DF2E-4396-BED6-967C287F8EB3}.Release|x64.Build.0 = Release|Any CPU
		{FAC984C0-DF2E-4396-BED6-967C287F8EB3}.Release|x86.ActiveCfg = Release|Any CPU
		{FAC984C0-DF2E-4396-BED6-967C287F8EB3}.Release|x86.Build.0 = Release|Any CPU
		{7AE725E5-CF25-454C-BC4C-8EFFFDC37931}.Debug|Any CPU.ActiveCfg = Debug|Any CPU
		{7AE725E5-CF25-454C-BC4C-8EFFFDC37931}.Debug|Any CPU.Build.0 = Debug|Any CPU
		{7AE725E5-CF25-454C-BC4C-8EFFFDC37931}.Debug|x64.ActiveCfg = Debug|Any CPU
		{7AE725E5-CF25-454C-BC4C-8EFFFDC37931}.Debug|x64.Build.0 = Debug|Any CPU
		{7AE725E5-CF25-454C-BC4C-8EFFFDC37931}.Debug|x86.ActiveCfg = Debug|Any CPU
		{7AE725E5-CF25-454C-BC4C-8EFFFDC37931}.Debug|x86.Build.0 = Debug|Any CPU
		{7AE725E5-CF25-454C-BC4C-8EFFFDC37931}.Release|Any CPU.ActiveCfg = Release|Any CPU
		{7AE725E5-CF25-454C-BC4C-8EFFFDC37931}.Release|Any CPU.Build.0 = Release|Any CPU
		{7AE725E5-CF25-454C-BC4C-8EFFFDC37931}.Release|x64.ActiveCfg = Release|Any CPU
		{7AE725E5-CF25-454C-BC4C-8EFFFDC37931}.Release|x64.Build.0 = Release|Any CPU
		{7AE725E5-CF25-454C-BC4C-8EFFFDC37931}.Release|x86.ActiveCfg = Release|Any CPU
		{7AE725E5-CF25-454C-BC4C-8EFFFDC37931}.Release|x86.Build.0 = Release|Any CPU
		{60D41AD5-D9D7-4C3B-9B63-2C30D22DE962}.Debug|Any CPU.ActiveCfg = Debug|Any CPU
		{60D41AD5-D9D7-4C3B-9B63-2C30D22DE962}.Debug|Any CPU.Build.0 = Debug|Any CPU
		{60D41AD5-D9D7-4C3B-9B63-2C30D22DE962}.Debug|x64.ActiveCfg = Debug|Any CPU
		{60D41AD5-D9D7-4C3B-9B63-2C30D22DE962}.Debug|x64.Build.0 = Debug|Any CPU
		{60D41AD5-D9D7-4C3B-9B63-2C30D22DE962}.Debug|x86.ActiveCfg = Debug|Any CPU
		{60D41AD5-D9D7-4C3B-9B63-2C30D22DE962}.Debug|x86.Build.0 = Debug|Any CPU
		{60D41AD5-D9D7-4C3B-9B63-2C30D22DE962}.Release|Any CPU.ActiveCfg = Release|Any CPU
		{60D41AD5-D9D7-4C3B-9B63-2C30D22DE962}.Release|Any CPU.Build.0 = Release|Any CPU
		{60D41AD5-D9D7-4C3B-9B63-2C30D22DE962}.Release|x64.ActiveCfg = Release|Any CPU
		{60D41AD5-D9D7-4C3B-9B63-2C30D22DE962}.Release|x64.Build.0 = Release|Any CPU
		{60D41AD5-D9D7-4C3B-9B63-2C30D22DE962}.Release|x86.ActiveCfg = Release|Any CPU
		{60D41AD5-D9D7-4C3B-9B63-2C30D22DE962}.Release|x86.Build.0 = Release|Any CPU
		{B40F6315-CEA6-43E3-8BF0-583592A7D305}.Debug|Any CPU.ActiveCfg = Debug|Any CPU
		{B40F6315-CEA6-43E3-8BF0-583592A7D305}.Debug|Any CPU.Build.0 = Debug|Any CPU
		{B40F6315-CEA6-43E3-8BF0-583592A7D305}.Debug|x64.ActiveCfg = Debug|Any CPU
		{B40F6315-CEA6-43E3-8BF0-583592A7D305}.Debug|x64.Build.0 = Debug|Any CPU
		{B40F6315-CEA6-43E3-8BF0-583592A7D305}.Debug|x86.ActiveCfg = Debug|Any CPU
		{B40F6315-CEA6-43E3-8BF0-583592A7D305}.Debug|x86.Build.0 = Debug|Any CPU
		{B40F6315-CEA6-43E3-8BF0-583592A7D305}.Release|Any CPU.ActiveCfg = Release|Any CPU
		{B40F6315-CEA6-43E3-8BF0-583592A7D305}.Release|Any CPU.Build.0 = Release|Any CPU
		{B40F6315-CEA6-43E3-8BF0-583592A7D305}.Release|x64.ActiveCfg = Release|Any CPU
		{B40F6315-CEA6-43E3-8BF0-583592A7D305}.Release|x64.Build.0 = Release|Any CPU
		{B40F6315-CEA6-43E3-8BF0-583592A7D305}.Release|x86.ActiveCfg = Release|Any CPU
		{B40F6315-CEA6-43E3-8BF0-583592A7D305}.Release|x86.Build.0 = Release|Any CPU
		{035ADF02-433F-4E3E-BC14-F73A686049C0}.Debug|Any CPU.ActiveCfg = Debug|Any CPU
		{035ADF02-433F-4E3E-BC14-F73A686049C0}.Debug|Any CPU.Build.0 = Debug|Any CPU
		{035ADF02-433F-4E3E-BC14-F73A686049C0}.Debug|x64.ActiveCfg = Debug|Any CPU
		{035ADF02-433F-4E3E-BC14-F73A686049C0}.Debug|x64.Build.0 = Debug|Any CPU
		{035ADF02-433F-4E3E-BC14-F73A686049C0}.Debug|x86.ActiveCfg = Debug|Any CPU
		{035ADF02-433F-4E3E-BC14-F73A686049C0}.Debug|x86.Build.0 = Debug|Any CPU
		{035ADF02-433F-4E3E-BC14-F73A686049C0}.Release|Any CPU.ActiveCfg = Release|Any CPU
		{035ADF02-433F-4E3E-BC14-F73A686049C0}.Release|Any CPU.Build.0 = Release|Any CPU
		{035ADF02-433F-4E3E-BC14-F73A686049C0}.Release|x64.ActiveCfg = Release|Any CPU
		{035ADF02-433F-4E3E-BC14-F73A686049C0}.Release|x64.Build.0 = Release|Any CPU
		{035ADF02-433F-4E3E-BC14-F73A686049C0}.Release|x86.ActiveCfg = Release|Any CPU
		{035ADF02-433F-4E3E-BC14-F73A686049C0}.Release|x86.Build.0 = Release|Any CPU
	EndGlobalSection
	GlobalSection(SolutionProperties) = preSolution
		HideSolutionNode = FALSE
	EndGlobalSection
	GlobalSection(NestedProjects) = preSolution
		{3BDA415D-DFBD-4E0D-9EAC-5CE4F46D23B7} = {827E0CD3-B72D-47B6-A68D-7590B98EB39B}
		{644AA11E-011C-4810-97AF-2A622C0047D3} = {827E0CD3-B72D-47B6-A68D-7590B98EB39B}
		{C275F2A2-F559-48D0-8D11-3316B60C3800} = {827E0CD3-B72D-47B6-A68D-7590B98EB39B}
		{FAC984C0-DF2E-4396-BED6-967C287F8EB3} = {827E0CD3-B72D-47B6-A68D-7590B98EB39B}
		{7AE725E5-CF25-454C-BC4C-8EFFFDC37931} = {827E0CD3-B72D-47B6-A68D-7590B98EB39B}
		{60D41AD5-D9D7-4C3B-9B63-2C30D22DE962} = {0AB3BF05-4346-4AA6-1389-037BE0695223}
		{B40F6315-CEA6-43E3-8BF0-583592A7D305} = {0AB3BF05-4346-4AA6-1389-037BE0695223}
		{035ADF02-433F-4E3E-BC14-F73A686049C0} = {07C2787E-EAC7-C090-1BA3-A61EC2A24D84}
	EndGlobalSection
EndGlobal
